
Microsoft Visual Studio Solution File, Format Version 12.00
# Visual Studio 2012
Project("{2857B73E-F847-4B02-9238-064979017E93}") = "lab1.3", "lab1.3\lab1.3.cproj", "{17AE2301-2293-4ADB-B7AD-E05FC0C31AE0}"
EndProject
Global
	GlobalSection(SolutionConfigurationPlatforms) = preSolution
		Debug|Any CPU = Debug|Any CPU
		Release|Any CPU = Release|Any CPU
	EndGlobalSection
	GlobalSection(ProjectConfigurationPlatforms) = postSolution
		{17AE2301-2293-4ADB-B7AD-E05FC0C31AE0}.Debug|Any CPU.ActiveCfg = Debug|Any CPU
		{17AE2301-2293-4ADB-B7AD-E05FC0C31AE0}.Debug|Any CPU.Build.0 = Debug|Any CPU
		{17AE2301-2293-4ADB-B7AD-E05FC0C31AE0}.Release|Any CPU.ActiveCfg = Release|Any CPU
		{17AE2301-2293-4ADB-B7AD-E05FC0C31AE0}.Release|Any CPU.Build.0 = Release|Any CPU
	EndGlobalSection
EndGlobal
